
Microsoft Visual Studio Solution File, Format Version 12.00
# Visual Studio Version 17
VisualStudioVersion = 17.0.31919.166
MinimumVisualStudioVersion = 10.0.40219.1
Project("{2150E333-8FDC-42A3-9474-1A3956D46DE8}") = "Solution Items", "Solution Items", "{64CC3751-039B-4F0B-A129-2B785136BC92}"
	ProjectSection(SolutionItems) = preProject
		.dockerignore = .dockerignore
		.gitignore = .gitignore
		Dockerfile = Dockerfile
		README.md = README.md
	EndProjectSection
EndProject
Project("{9A19103F-16F7-4668-BE54-9A1E7A4F7556}") = "Algorithm.MTSP", "Algorithm.MTSP\Algorithm.MTSP.csproj", "{CC38371B-6787-4FB5-B394-041EE54E091C}"
EndProject
Project("{9A19103F-16F7-4668-BE54-9A1E7A4F7556}") = "Algorithm.MTSP.UT", "Algorithm.MTSP.UT\Algorithm.MTSP.UT.csproj", "{7F9C622F-B181-49B1-A8EA-8E89A7802B9C}"
EndProject
Global
	GlobalSection(SolutionConfigurationPlatforms) = preSolution
		Debug|Any CPU = Debug|Any CPU
		Release|Any CPU = Release|Any CPU
	EndGlobalSection
	GlobalSection(ProjectConfigurationPlatforms) = postSolution
		{CC38371B-6787-4FB5-B394-041EE54E091C}.Debug|Any CPU.ActiveCfg = Debug|Any CPU
		{CC38371B-6787-4FB5-B394-041EE54E091C}.Debug|Any CPU.Build.0 = Debug|Any CPU
		{CC38371B-6787-4FB5-B394-041EE54E091C}.Release|Any CPU.ActiveCfg = Release|Any CPU
		{CC38371B-6787-4FB5-B394-041EE54E091C}.Release|Any CPU.Build.0 = Release|Any CPU
		{7F9C622F-B181-49B1-A8EA-8E89A7802B9C}.Debug|Any CPU.ActiveCfg = Debug|Any CPU
		{7F9C622F-B181-49B1-A8EA-8E89A7802B9C}.Debug|Any CPU.Build.0 = Debug|Any CPU
		{7F9C622F-B181-49B1-A8EA-8E89A7802B9C}.Release|Any CPU.ActiveCfg = Release|Any CPU
		{7F9C622F-B181-49B1-A8EA-8E89A7802B9C}.Release|Any CPU.Build.0 = Release|Any CPU
	EndGlobalSection
	GlobalSection(SolutionProperties) = preSolution
		HideSolutionNode = FALSE
	EndGlobalSection
	GlobalSection(ExtensibilityGlobals) = postSolution
		SolutionGuid = {185A1DF2-5275-4FC7-8B75-5590F990373E}
	EndGlobalSection
EndGlobal
